// !$*UTF8*$!
{
	archiveVersion = 1;
	classes = {
	};
	objectVersion = 56;
	objects = {

/* Begin PBXBuildFile section */
		F03F75C42B707A81001AD3AC /* VisionPhysicsViewModel.swift in Sources */ = {isa = PBXBuildFile; fileRef = F03F75C32B707A81001AD3AC /* VisionPhysicsViewModel.swift */; };
		F03F75C62B707D50001AD3AC /* ModelEntityExtension.swift in Sources */ = {isa = PBXBuildFile; fileRef = F03F75C52B707D50001AD3AC /* ModelEntityExtension.swift */; };
		F0A1C7662B71404C0009FE7D /* GeometryUtilities.swift in Sources */ = {isa = PBXBuildFile; fileRef = F0A1C7652B71404C0009FE7D /* GeometryUtilities.swift */; };
		F0B825802B700D6F00CE6BA1 /* VisionPhysicsApp.swift in Sources */ = {isa = PBXBuildFile; fileRef = F0B8257F2B700D6F00CE6BA1 /* VisionPhysicsApp.swift */; };
		F0B825862B700D7000CE6BA1 /* Assets.xcassets in Resources */ = {isa = PBXBuildFile; fileRef = F0B825852B700D7000CE6BA1 /* Assets.xcassets */; };
		F0B825892B700D7000CE6BA1 /* Preview Assets.xcassets in Resources */ = {isa = PBXBuildFile; fileRef = F0B825882B700D7000CE6BA1 /* Preview Assets.xcassets */; };
/* End PBXBuildFile section */

/* Begin PBXFileReference section */
		F03F75C32B707A81001AD3AC /* VisionPhysicsViewModel.swift */ = {isa = PBXFileReference; lastKnownFileType = sourcecode.swift; path = VisionPhysicsViewModel.swift; sourceTree = "<group>"; };
		F03F75C52B707D50001AD3AC /* ModelEntityExtension.swift */ = {isa = PBXFileReference; lastKnownFileType = sourcecode.swift; path = ModelEntityExtension.swift; sourceTree = "<group>"; };
		F0A1C7652B71404C0009FE7D /* GeometryUtilities.swift */ = {isa = PBXFileReference; fileEncoding = 4; lastKnownFileType = sourcecode.swift; path = GeometryUtilities.swift; sourceTree = "<group>"; };
		F0B825782B700D6F00CE6BA1 /* VisionPhysics.app */ = {isa = PBXFileReference; explicitFileType = wrapper.application; includeInIndex = 0; path = VisionPhysics.app; sourceTree = BUILT_PRODUCTS_DIR; };
		F0B8257F2B700D6F00CE6BA1 /* VisionPhysicsApp.swift */ = {isa = PBXFileReference; lastKnownFileType = sourcecode.swift; path = VisionPhysicsApp.swift; sourceTree = "<group>"; };
		F0B825852B700D7000CE6BA1 /* Assets.xcassets */ = {isa = PBXFileReference; lastKnownFileType = folder.assetcatalog; path = Assets.xcassets; sourceTree = "<group>"; };
		F0B825882B700D7000CE6BA1 /* Preview Assets.xcassets */ = {isa = PBXFileReference; lastKnownFileType = folder.assetcatalog; path = "Preview Assets.xcassets"; sourceTree = "<group>"; };
		F0B8258A2B700D7000CE6BA1 /* Info.plist */ = {isa = PBXFileReference; lastKnownFileType = text.plist.xml; path = Info.plist; sourceTree = "<group>"; };
/* End PBXFileReference section */

/* Begin PBXFrameworksBuildPhase section */
		F0B825752B700D6F00CE6BA1 /* Frameworks */ = {
			isa = PBXFrameworksBuildPhase;
			buildActionMask = 2147483647;
			files = (
			);
			runOnlyForDeploymentPostprocessing = 0;
		};
/* End PBXFrameworksBuildPhase section */

/* Begin PBXGroup section */
		F0B8256F2B700D6F00CE6BA1 = {
			isa = PBXGroup;
			children = (
				F0B8257A2B700D6F00CE6BA1 /* VisionPhysics */,
				F0B825792B700D6F00CE6BA1 /* Products */,
			);
			sourceTree = "<group>";
		};
		F0B825792B700D6F00CE6BA1 /* Products */ = {
			isa = PBXGroup;
			children = (
				F0B825782B700D6F00CE6BA1 /* VisionPhysics.app */,
			);
			name = Products;
			sourceTree = "<group>";
		};
		F0B8257A2B700D6F00CE6BA1 /* VisionPhysics */ = {
			isa = PBXGroup;
			children = (
				F0B8257F2B700D6F00CE6BA1 /* VisionPhysicsApp.swift */,
				F03F75C32B707A81001AD3AC /* VisionPhysicsViewModel.swift */,
				F03F75C52B707D50001AD3AC /* ModelEntityExtension.swift */,
				F0A1C7652B71404C0009FE7D /* GeometryUtilities.swift */,
				F0B825852B700D7000CE6BA1 /* Assets.xcassets */,
				F0B8258A2B700D7000CE6BA1 /* Info.plist */,
				F0B825872B700D7000CE6BA1 /* Preview Content */,
			);
			path = VisionPhysics;
			sourceTree = "<group>";
		};
		F0B825872B700D7000CE6BA1 /* Preview Content */ = {
			isa = PBXGroup;
			children = (
				F0B825882B700D7000CE6BA1 /* Preview Assets.xcassets */,
			);
			path = "Preview Content";
			sourceTree = "<group>";
		};
/* End PBXGroup section */

/* Begin PBXNativeTarget section */
		F0B825772B700D6F00CE6BA1 /* VisionPhysics */ = {
			isa = PBXNativeTarget;
			buildConfigurationList = F0B8258D2B700D7000CE6BA1 /* Build configuration list for PBXNativeTarget "VisionPhysics" */;
			buildPhases = (
				F0B825742B700D6F00CE6BA1 /* Sources */,
				F0B825752B700D6F00CE6BA1 /* Frameworks */,
				F0B825762B700D6F00CE6BA1 /* Resources */,
			);
			buildRules = (
			);
			dependencies = (
			);
			name = VisionPhysics;
			packageProductDependencies = (
			);
			productName = VisionPhysics;
			productReference = F0B825782B700D6F00CE6BA1 /* VisionPhysics.app */;
			productType = "com.apple.product-type.application";
		};
/* End PBXNativeTarget section */

/* Begin PBXProject section */
		F0B825702B700D6F00CE6BA1 /* Project object */ = {
			isa = PBXProject;
			attributes = {
				BuildIndependentTargetsInParallel = 1;
				LastSwiftUpdateCheck = 1520;
				LastUpgradeCheck = 1520;
				TargetAttributes = {
					F0B825772B700D6F00CE6BA1 = {
						CreatedOnToolsVersion = 15.2;
					};
				};
			};
			buildConfigurationList = F0B825732B700D6F00CE6BA1 /* Build configuration list for PBXProject "VisionPhysics" */;
			compatibilityVersion = "Xcode 14.0";
			developmentRegion = en;
			hasScannedForEncodings = 0;
			knownRegions = (
				en,
				Base,
			);
			mainGroup = F0B8256F2B700D6F00CE6BA1;
			productRefGroup = F0B825792B700D6F00CE6BA1 /* Products */;
			projectDirPath = "";
			projectRoot = "";
			targets = (
				F0B825772B700D6F00CE6BA1 /* VisionPhysics */,
			);
		};
/* End PBXProject section */

/* Begin PBXResourcesBuildPhase section */
		F0B825762B700D6F00CE6BA1 /* Resources */ = {
			isa = PBXResourcesBuildPhase;
			buildActionMask = 2147483647;
			files = (
				F0B825892B700D7000CE6BA1 /* Preview Assets.xcassets in Resources */,
				F0B825862B700D7000CE6BA1 /* Assets.xcassets in Resources */,
			);
			runOnlyForDeploymentPostprocessing = 0;
		};
/* End PBXResourcesBuildPhase section */

/* Begin PBXSourcesBuildPhase section */
		F0B825742B700D6F00CE6BA1 /* Sources */ = {
			isa = PBXSourcesBuildPhase;
			buildActionMask = 2147483647;
			files = (
				F0B825802B700D6F00CE6BA1 /* VisionPhysicsApp.swift in Sources */,
				F03F75C62B707D50001AD3AC /* ModelEntityExtension.swift in Sources */,
				F0A1C7662B71404C0009FE7D /* GeometryUtilities.swift in Sources */,
				F03F75C42B707A81001AD3AC /* VisionPhysicsViewModel.swift in Sources */,
			);
			runOnlyForDeploymentPostprocessing = 0;
		};
/* End PBXSourcesBuildPhase section */

/* Begin XCBuildConfiguration section */
		F0B8258B2B700D7000CE6BA1 /* Debug */ = {
			isa = XCBuildConfiguration;
			buildSettings = {
				ALWAYS_SEARCH_USER_PATHS = NO;
				ASSETCATALOG_COMPILER_GENERATE_SWIFT_ASSET_SYMBOL_EXTENSIONS = YES;
				CLANG_ANALYZER_NONNULL = YES;
				CLANG_ANALYZER_NUMBER_OBJECT_CONVERSION = YES_AGGRESSIVE;
				CLANG_CXX_LANGUAGE_STANDARD = "gnu++20";
				CLANG_ENABLE_MODULES = YES;
				CLANG_ENABLE_OBJC_ARC = YES;
				CLANG_ENABLE_OBJC_WEAK = YES;
				CLANG_WARN_BLOCK_CAPTURE_AUTORELEASING = YES;
				CLANG_WARN_BOOL_CONVERSION = YES;
				CLANG_WARN_COMMA = YES;
				CLANG_WARN_CONSTANT_CONVERSION = YES;
				CLANG_WARN_DEPRECATED_OBJC_IMPLEMENTATIONS = YES;
				CLANG_WARN_DIRECT_OBJC_ISA_USAGE = YES_ERROR;
				CLANG_WARN_DOCUMENTATION_COMMENTS = YES;
				CLANG_WARN_EMPTY_BODY = YES;
				CLANG_WARN_ENUM_CONVERSION = YES;
				CLANG_WARN_INFINITE_RECURSION = YES;
				CLANG_WARN_INT_CONVERSION = YES;
				CLANG_WARN_NON_LITERAL_NULL_CONVERSION = YES;
				CLANG_WARN_OBJC_IMPLICIT_RETAIN_SELF = YES;
				CLANG_WARN_OBJC_LITERAL_CONVERSION = YES;
				CLANG_WARN_OBJC_ROOT_CLASS = YES_ERROR;
				CLANG_WARN_QUOTED_INCLUDE_IN_FRAMEWORK_HEADER = YES;
				CLANG_WARN_RANGE_LOOP_ANALYSIS = YES;
				CLANG_WARN_STRICT_PROTOTYPES = YES;
				CLANG_WARN_SUSPICIOUS_MOVE = YES;
				CLANG_WARN_UNGUARDED_AVAILABILITY = YES_AGGRESSIVE;
				CLANG_WARN_UNREACHABLE_CODE = YES;
				CLANG_WARN__DUPLICATE_METHOD_MATCH = YES;
				COPY_PHASE_STRIP = NO;
				DEBUG_INFORMATION_FORMAT = dwarf;
				ENABLE_STRICT_OBJC_MSGSEND = YES;
				ENABLE_TESTABILITY = YES;
				ENABLE_USER_SCRIPT_SANDBOXING = YES;
				GCC_C_LANGUAGE_STANDARD = gnu17;
				GCC_DYNAMIC_NO_PIC = NO;
				GCC_NO_COMMON_BLOCKS = YES;
				GCC_OPTIMIZATION_LEVEL = 0;
				GCC_PREPROCESSOR_DEFINITIONS = (
					"DEBUG=1",
					"$(inherited)",
				);
				GCC_WARN_64_TO_32_BIT_CONVERSION = YES;
				GCC_WARN_ABOUT_RETURN_TYPE = YES_ERROR;
				GCC_WARN_UNDECLARED_SELECTOR = YES;
				GCC_WARN_UNINITIALIZED_AUTOS = YES_AGGRESSIVE;
				GCC_WARN_UNUSED_FUNCTION = YES;
				GCC_WARN_UNUSED_VARIABLE = YES;
				LOCALIZATION_PREFERS_STRING_CATALOGS = YES;
				MTL_ENABLE_DEBUG_INFO = INCLUDE_SOURCE;
				MTL_FAST_MATH = YES;
				ONLY_ACTIVE_ARCH = YES;
				SDKROOT = xros;
				SWIFT_ACTIVE_COMPILATION_CONDITIONS = "DEBUG $(inherited)";
				SWIFT_OPTIMIZATION_LEVEL = "-Onone";
				XROS_DEPLOYMENT_TARGET = 1.0;
			};
			name = Debug;
		};
		F0B8258C2B700D7000CE6BA1 /* Release */ = {
			isa = XCBuildConfiguration;
			buildSettings = {
				ALWAYS_SEARCH_USER_PATHS = NO;
				ASSETCATALOG_COMPILER_GENERATE_SWIFT_ASSET_SYMBOL_EXTENSIONS = YES;
				CLANG_ANALYZER_NONNULL = YES;
				CLANG_ANALYZER_NUMBER_OBJECT_CONVERSION = YES_AGGRESSIVE;
				CLANG_CXX_LANGUAGE_STANDARD = "gnu++20";
				CLANG_ENABLE_MODULES = YES;
				CLANG_ENABLE_OBJC_ARC = YES;
				CLANG_ENABLE_OBJC_WEAK = YES;
				CLANG_WARN_BLOCK_CAPTURE_AUTORELEASING = YES;
				CLANG_WARN_BOOL_CONVERSION = YES;
				CLANG_WARN_COMMA = YES;
				CLANG_WARN_CONSTANT_CONVERSION = YES;
				CLANG_WARN_DEPRECATED_OBJC_IMPLEMENTATIONS = YES;
				CLANG_WARN_DIRECT_OBJC_ISA_USAGE = YES_ERROR;
				CLANG_WARN_DOCUMENTATION_COMMENTS = YES;
				CLANG_WARN_EMPTY_BODY = YES;
				CLANG_WARN_ENUM_CONVERSION = YES;
				CLANG_WARN_INFINITE_RECURSION = YES;
				CLANG_WARN_INT_CONVERSION = YES;
				CLANG_WARN_NON_LITERAL_NULL_CONVERSION = YES;
				CLANG_WARN_OBJC_IMPLICIT_RETAIN_SELF = YES;
				CLANG_WARN_OBJC_LITERAL_CONVERSION = YES;
				CLANG_WARN_OBJC_ROOT_CLASS = YES_ERROR;
				CLANG_WARN_QUOTED_INCLUDE_IN_FRAMEWORK_HEADER = YES;
				CLANG_WARN_RANGE_LOOP_ANALYSIS = YES;
				CLANG_WARN_STRICT_PROTOTYPES = YES;
				CLANG_WARN_SUSPICIOUS_MOVE = YES;
				CLANG_WARN_UNGUARDED_AVAILABILITY = YES_AGGRESSIVE;
				CLANG_WARN_UNREACHABLE_CODE = YES;
				CLANG_WARN__DUPLICATE_METHOD_MATCH = YES;
				COPY_PHASE_STRIP = NO;
				DEBUG_INFORMATION_FORMAT = "dwarf-with-dsym";
				ENABLE_NS_ASSERTIONS = NO;
				ENABLE_STRICT_OBJC_MSGSEND = YES;
				ENABLE_USER_SCRIPT_SANDBOXING = YES;
				GCC_C_LANGUAGE_STANDARD = gnu17;
				GCC_NO_COMMON_BLOCKS = YES;
				GCC_WARN_64_TO_32_BIT_CONVERSION = YES;
				GCC_WARN_ABOUT_RETURN_TYPE = YES_ERROR;
				GCC_WARN_UNDECLARED_SELECTOR = YES;
				GCC_WARN_UNINITIALIZED_AUTOS = YES_AGGRESSIVE;
				GCC_WARN_UNUSED_FUNCTION = YES;
				GCC_WARN_UNUSED_VARIABLE = YES;
				LOCALIZATION_PREFERS_STRING_CATALOGS = YES;
				MTL_ENABLE_DEBUG_INFO = NO;
				MTL_FAST_MATH = YES;
				SDKROOT = xros;
				SWIFT_COMPILATION_MODE = wholemodule;
				VALIDATE_PRODUCT = YES;
				XROS_DEPLOYMENT_TARGET = 1.0;
			};
			name = Release;
		};
		F0B8258E2B700D7000CE6BA1 /* Debug */ = {
			isa = XCBuildConfiguration;
			buildSettings = {
				ASSETCATALOG_COMPILER_APPICON_NAME = AppIcon;
				ASSETCATALOG_COMPILER_GLOBAL_ACCENT_COLOR_NAME = AccentColor;
				CODE_SIGN_STYLE = Automatic;
				CURRENT_PROJECT_VERSION = 1;
				DEVELOPMENT_ASSET_PATHS = "\"VisionPhysics/Preview Content\"";
				DEVELOPMENT_TEAM = F79CYQPXKS;
				ENABLE_PREVIEWS = YES;
				GENERATE_INFOPLIST_FILE = YES;
				INFOPLIST_FILE = "$(TARGET_NAME)/Info.plist";
				LD_RUNPATH_SEARCH_PATHS = (
					"$(inherited)",
					"@executable_path/Frameworks",
				);
				MARKETING_VERSION = 1.0;
				PRODUCT_BUNDLE_IDENTIFIER = jeffmeador.VisionPhysics;
				PRODUCT_NAME = "$(TARGET_NAME)";
				SUPPORTED_PLATFORMS = "xros xrsimulator";
				SWIFT_EMIT_LOC_STRINGS = YES;
				SWIFT_VERSION = 5.0;
				TARGETED_DEVICE_FAMILY = "1,2,7";
			};
			name = Debug;
		};
		F0B8258F2B700D7000CE6BA1 /* Release */ = {
			isa = XCBuildConfiguration;
			buildSettings = {
				ASSETCATALOG_COMPILER_APPICON_NAME = AppIcon;
				ASSETCATALOG_COMPILER_GLOBAL_ACCENT_COLOR_NAME = AccentColor;
				CODE_SIGN_STYLE = Automatic;
				CURRENT_PROJECT_VERSION = 1;
				DEVELOPMENT_ASSET_PATHS = "\"VisionPhysics/Preview Content\"";
				DEVELOPMENT_TEAM = F79CYQPXKS;
				ENABLE_PREVIEWS = YES;
				GENERATE_INFOPLIST_FILE = YES;
				INFOPLIST_FILE = "$(TARGET_NAME)/Info.plist";
				LD_RUNPATH_SEARCH_PATHS = (
					"$(inherited)",
					"@executable_path/Frameworks",
				);
				MARKETING_VERSION = 1.0;
				PRODUCT_BUNDLE_IDENTIFIER = jeffmeador.VisionPhysics;
				PRODUCT_NAME = "$(TARGET_NAME)";
				SUPPORTED_PLATFORMS = "xros xrsimulator";
				SWIFT_EMIT_LOC_STRINGS = YES;
				SWIFT_VERSION = 5.0;
				TARGETED_DEVICE_FAMILY = "1,2,7";
			};
			name = Release;
		};
/* End XCBuildConfiguration section */

/* Begin XCConfigurationList section */
		F0B825732B700D6F00CE6BA1 /* Build configuration list for PBXProject "VisionPhysics" */ = {
			isa = XCConfigurationList;
			buildConfigurations = (
				F0B8258B2B700D7000CE6BA1 /* Debug */,
				F0B8258C2B700D7000CE6BA1 /* Release */,
			);
			defaultConfigurationIsVisible = 0;
			defaultConfigurationName = Release;
		};
		F0B8258D2B700D7000CE6BA1 /* Build configuration list for PBXNativeTarget "VisionPhysics" */ = {
			isa = XCConfigurationList;
			buildConfigurations = (
				F0B8258E2B700D7000CE6BA1 /* Debug */,
				F0B8258F2B700D7000CE6BA1 /* Release */,
			);
			defaultConfigurationIsVisible = 0;
			defaultConfigurationName = Release;
		};
/* End XCConfigurationList section */
	};
	rootObject = F0B825702B700D6F00CE6BA1 /* Project object */;
}
